
Microsoft Visual Studio Solution File, Format Version 12.00
# Visual Studio Version 17
VisualStudioVersion = 17.14.37314.3 d17.14
MinimumVisualStudioVersion = 10.0.40219.1
Project("{FAE04EC0-301F-11D3-BF4B-00C04F79EFBC}") = "Section B-Greeting message", "Section B-Greeting message.csproj", "{7F3D3460-B1F6-45C1-9C59-0FA0210FF710}"
EndProject
Global
	GlobalSection(SolutionConfigurationPlatforms) = preSolution
		Debug|Any CPU = Debug|Any CPU
		Release|Any CPU = Release|Any CPU
	EndGlobalSection
	GlobalSection(ProjectConfigurationPlatforms) = postSolution
		{7F3D3460-B1F6-45C1-9C59-0FA0210FF710}.Debug|Any CPU.ActiveCfg = Debug|Any CPU
		{7F3D3460-B1F6-45C1-9C59-0FA0210FF710}.Debug|Any CPU.Build.0 = Debug|Any CPU
		{7F3D3460-B1F6-45C1-9C59-0FA0210FF710}.Release|Any CPU.ActiveCfg = Release|Any CPU
		{7F3D3460-B1F6-45C1-9C59-0FA0210FF710}.Release|Any CPU.Build.0 = Release|Any CPU
	EndGlobalSection
	GlobalSection(SolutionProperties) = preSolution
		HideSolutionNode = FALSE
	EndGlobalSection
	GlobalSection(ExtensibilityGlobals) = postSolution
		SolutionGuid = {7A2770EB-D3EF-4830-A6F4-8F2F6D62B09E}
	EndGlobalSection
EndGlobal
